// !$*UTF8*$!
{
	archiveVersion = 1;
	classes = {
	};
	objectVersion = 56;
	objects = {

/* Begin PBXBuildFile section */
		D9BD00062BDBCB93004E027E /* KeyboardViewController.swift in Sources */ = {isa = PBXBuildFile; fileRef = D9BD00052BDBCB93004E027E /* KeyboardViewController.swift */; };
		D9BD00082BDBCBB0004E027E /* BoardViewController.swift in Sources */ = {isa = PBXBuildFile; fileRef = D9BD00072BDBCBB0004E027E /* BoardViewController.swift */; };
		D9BD000A2BDBD37E004E027E /* KeyCell.swift in Sources */ = {isa = PBXBuildFile; fileRef = D9BD00092BDBD37E004E027E /* KeyCell.swift */; };
		D9BDFFF02BDBCB0A004E027E /* AppDelegate.swift in Sources */ = {isa = PBXBuildFile; fileRef = D9BDFFEF2BDBCB0A004E027E /* AppDelegate.swift */; };
		D9BDFFF22BDBCB0A004E027E /* SceneDelegate.swift in Sources */ = {isa = PBXBuildFile; fileRef = D9BDFFF12BDBCB0A004E027E /* SceneDelegate.swift */; };
		D9BDFFF42BDBCB0A004E027E /* ViewController.swift in Sources */ = {isa = PBXBuildFile; fileRef = D9BDFFF32BDBCB0A004E027E /* ViewController.swift */; };
		D9BDFFF72BDBCB0A004E027E /* Main.storyboard in Resources */ = {isa = PBXBuildFile; fileRef = D9BDFFF52BDBCB0A004E027E /* Main.storyboard */; };
		D9BDFFF92BDBCB0D004E027E /* Assets.xcassets in Resources */ = {isa = PBXBuildFile; fileRef = D9BDFFF82BDBCB0D004E027E /* Assets.xcassets */; };
		D9BDFFFC2BDBCB0D004E027E /* LaunchScreen.storyboard in Resources */ = {isa = PBXBuildFile; fileRef = D9BDFFFA2BDBCB0D004E027E /* LaunchScreen.storyboard */; };
/* End PBXBuildFile section */

/* Begin PBXFileReference section */
		D9BD00052BDBCB93004E027E /* KeyboardViewController.swift */ = {isa = PBXFileReference; lastKnownFileType = sourcecode.swift; path = KeyboardViewController.swift; sourceTree = "<group>"; };
		D9BD00072BDBCBB0004E027E /* BoardViewController.swift */ = {isa = PBXFileReference; lastKnownFileType = sourcecode.swift; path = BoardViewController.swift; sourceTree = "<group>"; };
		D9BD00092BDBD37E004E027E /* KeyCell.swift */ = {isa = PBXFileReference; lastKnownFileType = sourcecode.swift; path = KeyCell.swift; sourceTree = "<group>"; };
		D9BDFFEC2BDBCB0A004E027E /* Wordle game.app */ = {isa = PBXFileReference; explicitFileType = wrapper.application; includeInIndex = 0; path = "Wordle game.app"; sourceTree = BUILT_PRODUCTS_DIR; };
		D9BDFFEF2BDBCB0A004E027E /* AppDelegate.swift */ = {isa = PBXFileReference; lastKnownFileType = sourcecode.swift; path = AppDelegate.swift; sourceTree = "<group>"; };
		D9BDFFF12BDBCB0A004E027E /* SceneDelegate.swift */ = {isa = PBXFileReference; lastKnownFileType = sourcecode.swift; path = SceneDelegate.swift; sourceTree = "<group>"; };
		D9BDFFF32BDBCB0A004E027E /* ViewController.swift */ = {isa = PBXFileReference; lastKnownFileType = sourcecode.swift; path = ViewController.swift; sourceTree = "<group>"; };
		D9BDFFF62BDBCB0A004E027E /* Base */ = {isa = PBXFileReference; lastKnownFileType = file.storyboard; name = Base; path = Base.lproj/Main.storyboard; sourceTree = "<group>"; };
		D9BDFFF82BDBCB0D004E027E /* Assets.xcassets */ = {isa = PBXFileReference; lastKnownFileType = folder.assetcatalog; path = Assets.xcassets; sourceTree = "<group>"; };
		D9BDFFFB2BDBCB0D004E027E /* Base */ = {isa = PBXFileReference; lastKnownFileType = file.storyboard; name = Base; path = Base.lproj/LaunchScreen.storyboard; sourceTree = "<group>"; };
		D9BDFFFD2BDBCB0D004E027E /* Info.plist */ = {isa = PBXFileReference; lastKnownFileType = text.plist.xml; path = Info.plist; sourceTree = "<group>"; };
/* End PBXFileReference section */

/* Begin PBXFrameworksBuildPhase section */
		D9BDFFE92BDBCB0A004E027E /* Frameworks */ = {
			isa = PBXFrameworksBuildPhase;
			buildActionMask = 2147483647;
			files = (
			);
			runOnlyForDeploymentPostprocessing = 0;
		};
/* End PBXFrameworksBuildPhase section */

/* Begin PBXGroup section */
		D9BD00032BDBCB53004E027E /* core */ = {
			isa = PBXGroup;
			children = (
				D9BDFFF32BDBCB0A004E027E /* ViewController.swift */,
				D9BD00052BDBCB93004E027E /* KeyboardViewController.swift */,
				D9BD00072BDBCBB0004E027E /* BoardViewController.swift */,
				D9BD00092BDBD37E004E027E /* KeyCell.swift */,
			);
			path = core;
			sourceTree = "<group>";
		};
		D9BD00042BDBCB59004E027E /* other */ = {
			isa = PBXGroup;
			children = (
				D9BDFFEF2BDBCB0A004E027E /* AppDelegate.swift */,
				D9BDFFF12BDBCB0A004E027E /* SceneDelegate.swift */,
				D9BDFFF52BDBCB0A004E027E /* Main.storyboard */,
				D9BDFFF82BDBCB0D004E027E /* Assets.xcassets */,
				D9BDFFFA2BDBCB0D004E027E /* LaunchScreen.storyboard */,
			);
			path = other;
			sourceTree = "<group>";
		};
		D9BDFFE32BDBCB0A004E027E = {
			isa = PBXGroup;
			children = (
				D9BDFFEE2BDBCB0A004E027E /* Wordle game */,
				D9BDFFED2BDBCB0A004E027E /* Products */,
			);
			sourceTree = "<group>";
		};
		D9BDFFED2BDBCB0A004E027E /* Products */ = {
			isa = PBXGroup;
			children = (
				D9BDFFEC2BDBCB0A004E027E /* Wordle game.app */,
			);
			name = Products;
			sourceTree = "<group>";
		};
		D9BDFFEE2BDBCB0A004E027E /* Wordle game */ = {
			isa = PBXGroup;
			children = (
				D9BD00042BDBCB59004E027E /* other */,
				D9BD00032BDBCB53004E027E /* core */,
				D9BDFFFD2BDBCB0D004E027E /* Info.plist */,
			);
			path = "Wordle game";
			sourceTree = "<group>";
		};
/* End PBXGroup section */

/* Begin PBXNativeTarget section */
		D9BDFFEB2BDBCB0A004E027E /* Wordle game */ = {
			isa = PBXNativeTarget;
			buildConfigurationList = D9BD00002BDBCB0D004E027E /* Build configuration list for PBXNativeTarget "Wordle game" */;
			buildPhases = (
				D9BDFFE82BDBCB0A004E027E /* Sources */,
				D9BDFFE92BDBCB0A004E027E /* Frameworks */,
				D9BDFFEA2BDBCB0A004E027E /* Resources */,
			);
			buildRules = (
			);
			dependencies = (
			);
			name = "Wordle game";
			productName = "Wordle game";
			productReference = D9BDFFEC2BDBCB0A004E027E /* Wordle game.app */;
			productType = "com.apple.product-type.application";
		};
/* End PBXNativeTarget section */

/* Begin PBXProject section */
		D9BDFFE42BDBCB0A004E027E /* Project object */ = {
			isa = PBXProject;
			attributes = {
				BuildIndependentTargetsInParallel = 1;
				LastSwiftUpdateCheck = 1400;
				LastUpgradeCheck = 1400;
				TargetAttributes = {
					D9BDFFEB2BDBCB0A004E027E = {
						CreatedOnToolsVersion = 14.0;
					};
				};
			};
			buildConfigurationList = D9BDFFE72BDBCB0A004E027E /* Build configuration list for PBXProject "Wordle game" */;
			compatibilityVersion = "Xcode 14.0";
			developmentRegion = en;
			hasScannedForEncodings = 0;
			knownRegions = (
				en,
				Base,
			);
			mainGroup = D9BDFFE32BDBCB0A004E027E;
			productRefGroup = D9BDFFED2BDBCB0A004E027E /* Products */;
			projectDirPath = "";
			projectRoot = "";
			targets = (
				D9BDFFEB2BDBCB0A004E027E /* Wordle game */,
			);
		};
/* End PBXProject section */

/* Begin PBXResourcesBuildPhase section */
		D9BDFFEA2BDBCB0A004E027E /* Resources */ = {
			isa = PBXResourcesBuildPhase;
			buildActionMask = 2147483647;
			files = (
				D9BDFFFC2BDBCB0D004E027E /* LaunchScreen.storyboard in Resources */,
				D9BDFFF92BDBCB0D004E027E /* Assets.xcassets in Resources */,
				D9BDFFF72BDBCB0A004E027E /* Main.storyboard in Resources */,
			);
			runOnlyForDeploymentPostprocessing = 0;
		};
/* End PBXResourcesBuildPhase section */

/* Begin PBXSourcesBuildPhase section */
		D9BDFFE82BDBCB0A004E027E /* Sources */ = {
			isa = PBXSourcesBuildPhase;
			buildActionMask = 2147483647;
			files = (
				D9BDFFF42BDBCB0A004E027E /* ViewController.swift in Sources */,
				D9BDFFF02BDBCB0A004E027E /* AppDelegate.swift in Sources */,
				D9BDFFF22BDBCB0A004E027E /* SceneDelegate.swift in Sources */,
				D9BD000A2BDBD37E004E027E /* KeyCell.swift in Sources */,
				D9BD00062BDBCB93004E027E /* KeyboardViewController.swift in Sources */,
				D9BD00082BDBCBB0004E027E /* BoardViewController.swift in Sources */,
			);
			runOnlyForDeploymentPostprocessing = 0;
		};
/* End PBXSourcesBuildPhase section */

/* Begin PBXVariantGroup section */
		D9BDFFF52BDBCB0A004E027E /* Main.storyboard */ = {
			isa = PBXVariantGroup;
			children = (
				D9BDFFF62BDBCB0A004E027E /* Base */,
			);
			name = Main.storyboard;
			sourceTree = "<group>";
		};
		D9BDFFFA2BDBCB0D004E027E /* LaunchScreen.storyboard */ = {
			isa = PBXVariantGroup;
			children = (
				D9BDFFFB2BDBCB0D004E027E /* Base */,
			);
			name = LaunchScreen.storyboard;
			sourceTree = "<group>";
		};
/* End PBXVariantGroup section */

/* Begin XCBuildConfiguration section */
		D9BD00012BDBCB0D004E027E /* Debug */ = {
			isa = XCBuildConfiguration;
			buildSettings = {
				ASSETCATALOG_COMPILER_APPICON_NAME = AppIcon;
				ASSETCATALOG_COMPILER_GLOBAL_ACCENT_COLOR_NAME = AccentColor;
				CODE_SIGN_STYLE = Automatic;
				CURRENT_PROJECT_VERSION = 1;
				GENERATE_INFOPLIST_FILE = YES;
				INFOPLIST_FILE = "Wordle game/Info.plist";
				INFOPLIST_KEY_UIApplicationSupportsIndirectInputEvents = YES;
				INFOPLIST_KEY_UILaunchStoryboardName = LaunchScreen;
				INFOPLIST_KEY_UIMainStoryboardFile = Main;
				INFOPLIST_KEY_UISupportedInterfaceOrientations_iPad = "UIInterfaceOrientationPortrait UIInterfaceOrientationPortraitUpsideDown UIInterfaceOrientationLandscapeLeft UIInterfaceOrientationLandscapeRight";
				INFOPLIST_KEY_UISupportedInterfaceOrientations_iPhone = "UIInterfaceOrientationPortrait UIInterfaceOrientationLandscapeLeft UIInterfaceOrientationLandscapeRight";
				LD_RUNPATH_SEARCH_PATHS = (
					"$(inherited)",
					"@executable_path/Frameworks",
				);
				MARKETING_VERSION = 1.0;
				PRODUCT_BUNDLE_IDENTIFIER = "com.gabal.Wordle-game";
				PRODUCT_NAME = "$(TARGET_NAME)";
				SWIFT_EMIT_LOC_STRINGS = YES;
				SWIFT_VERSION = 5.0;
				TARGETED_DEVICE_FAMILY = "1,2";
			};
			name = Debug;
		};
		D9BD00022BDBCB0D004E027E /* Release */ = {
			isa = XCBuildConfiguration;
			buildSettings = {
				ASSETCATALOG_COMPILER_APPICON_NAME = AppIcon;
				ASSETCATALOG_COMPILER_GLOBAL_ACCENT_COLOR_NAME = AccentColor;
				CODE_SIGN_STYLE = Automatic;
				CURRENT_PROJECT_VERSION = 1;
				GENERATE_INFOPLIST_FILE = YES;
				INFOPLIST_FILE = "Wordle game/Info.plist";
				INFOPLIST_KEY_UIApplicationSupportsIndirectInputEvents = YES;
				INFOPLIST_KEY_UILaunchStoryboardName = LaunchScreen;
				INFOPLIST_KEY_UIMainStoryboardFile = Main;
				INFOPLIST_KEY_UISupportedInterfaceOrientations_iPad = "UIInterfaceOrientationPortrait UIInterfaceOrientationPortraitUpsideDown UIInterfaceOrientationLandscapeLeft UIInterfaceOrientationLandscapeRight";
				INFOPLIST_KEY_UISupportedInterfaceOrientations_iPhone = "UIInterfaceOrientationPortrait UIInterfaceOrientationLandscapeLeft UIInterfaceOrientationLandscapeRight";
				LD_RUNPATH_SEARCH_PATHS = (
					"$(inherited)",
					"@executable_path/Frameworks",
				);
				MARKETING_VERSION = 1.0;
				PRODUCT_BUNDLE_IDENTIFIER = "com.gabal.Wordle-game";
				PRODUCT_NAME = "$(TARGET_NAME)";
				SWIFT_EMIT_LOC_STRINGS = YES;
				SWIFT_VERSION = 5.0;
				TARGETED_DEVICE_FAMILY = "1,2";
			};
			name = Release;
		};
		D9BDFFFE2BDBCB0D004E027E /* Debug */ = {
			isa = XCBuildConfiguration;
			buildSettings = {
				ALWAYS_SEARCH_USER_PATHS = NO;
				CLANG_ANALYZER_NONNULL = YES;
				CLANG_ANALYZER_NUMBER_OBJECT_CONVERSION = YES_AGGRESSIVE;
				CLANG_CXX_LANGUAGE_STANDARD = "gnu++20";
				CLANG_ENABLE_MODULES = YES;
				CLANG_ENABLE_OBJC_ARC = YES;
				CLANG_ENABLE_OBJC_WEAK = YES;
				CLANG_WARN_BLOCK_CAPTURE_AUTORELEASING = YES;
				CLANG_WARN_BOOL_CONVERSION = YES;
				CLANG_WARN_COMMA = YES;
				CLANG_WARN_CONSTANT_CONVERSION = YES;
				CLANG_WARN_DEPRECATED_OBJC_IMPLEMENTATIONS = YES;
				CLANG_WARN_DIRECT_OBJC_ISA_USAGE = YES_ERROR;
				CLANG_WARN_DOCUMENTATION_COMMENTS = YES;
				CLANG_WARN_EMPTY_BODY = YES;
				CLANG_WARN_ENUM_CONVERSION = YES;
				CLANG_WARN_INFINITE_RECURSION = YES;
				CLANG_WARN_INT_CONVERSION = YES;
				CLANG_WARN_NON_LITERAL_NULL_CONVERSION = YES;
				CLANG_WARN_OBJC_IMPLICIT_RETAIN_SELF = YES;
				CLANG_WARN_OBJC_LITERAL_CONVERSION = YES;
				CLANG_WARN_OBJC_ROOT_CLASS = YES_ERROR;
				CLANG_WARN_QUOTED_INCLUDE_IN_FRAMEWORK_HEADER = YES;
				CLANG_WARN_RANGE_LOOP_ANALYSIS = YES;
				CLANG_WARN_STRICT_PROTOTYPES = YES;
				CLANG_WARN_SUSPICIOUS_MOVE = YES;
				CLANG_WARN_UNGUARDED_AVAILABILITY = YES_AGGRESSIVE;
				CLANG_WARN_UNREACHABLE_CODE = YES;
				CLANG_WARN__DUPLICATE_METHOD_MATCH = YES;
				COPY_PHASE_STRIP = NO;
				DEBUG_INFORMATION_FORMAT = dwarf;
				ENABLE_STRICT_OBJC_MSGSEND = YES;
				ENABLE_TESTABILITY = YES;
				GCC_C_LANGUAGE_STANDARD = gnu11;
				GCC_DYNAMIC_NO_PIC = NO;
				GCC_NO_COMMON_BLOCKS = YES;
				GCC_OPTIMIZATION_LEVEL = 0;
				GCC_PREPROCESSOR_DEFINITIONS = (
					"DEBUG=1",
					"$(inherited)",
				);
				GCC_WARN_64_TO_32_BIT_CONVERSION = YES;
				GCC_WARN_ABOUT_RETURN_TYPE = YES_ERROR;
				GCC_WARN_UNDECLARED_SELECTOR = YES;
				GCC_WARN_UNINITIALIZED_AUTOS = YES_AGGRESSIVE;
				GCC_WARN_UNUSED_FUNCTION = YES;
				GCC_WARN_UNUSED_VARIABLE = YES;
				IPHONEOS_DEPLOYMENT_TARGET = 16.0;
				MTL_ENABLE_DEBUG_INFO = INCLUDE_SOURCE;
				MTL_FAST_MATH = YES;
				ONLY_ACTIVE_ARCH = YES;
				SDKROOT = iphoneos;
				SWIFT_ACTIVE_COMPILATION_CONDITIONS = DEBUG;
				SWIFT_OPTIMIZATION_LEVEL = "-Onone";
			};
			name = Debug;
		};
		D9BDFFFF2BDBCB0D004E027E /* Release */ = {
			isa = XCBuildConfiguration;
			buildSettings = {
				ALWAYS_SEARCH_USER_PATHS = NO;
				CLANG_ANALYZER_NONNULL = YES;
				CLANG_ANALYZER_NUMBER_OBJECT_CONVERSION = YES_AGGRESSIVE;
				CLANG_CXX_LANGUAGE_STANDARD = "gnu++20";
				CLANG_ENABLE_MODULES = YES;
				CLANG_ENABLE_OBJC_ARC = YES;
				CLANG_ENABLE_OBJC_WEAK = YES;
				CLANG_WARN_BLOCK_CAPTURE_AUTORELEASING = YES;
				CLANG_WARN_BOOL_CONVERSION = YES;
				CLANG_WARN_COMMA = YES;
				CLANG_WARN_CONSTANT_CONVERSION = YES;
				CLANG_WARN_DEPRECATED_OBJC_IMPLEMENTATIONS = YES;
				CLANG_WARN_DIRECT_OBJC_ISA_USAGE = YES_ERROR;
				CLANG_WARN_DOCUMENTATION_COMMENTS = YES;
				CLANG_WARN_EMPTY_BODY = YES;
				CLANG_WARN_ENUM_CONVERSION = YES;
				CLANG_WARN_INFINITE_RECURSION = YES;
				CLANG_WARN_INT_CONVERSION = YES;
				CLANG_WARN_NON_LITERAL_NULL_CONVERSION = YES;
				CLANG_WARN_OBJC_IMPLICIT_RETAIN_SELF = YES;
				CLANG_WARN_OBJC_LITERAL_CONVERSION = YES;
				CLANG_WARN_OBJC_ROOT_CLASS = YES_ERROR;
				CLANG_WARN_QUOTED_INCLUDE_IN_FRAMEWORK_HEADER = YES;
				CLANG_WARN_RANGE_LOOP_ANALYSIS = YES;
				CLANG_WARN_STRICT_PROTOTYPES = YES;
				CLANG_WARN_SUSPICIOUS_MOVE = YES;
				CLANG_WARN_UNGUARDED_AVAILABILITY = YES_AGGRESSIVE;
				CLANG_WARN_UNREACHABLE_CODE = YES;
				CLANG_WARN__DUPLICATE_METHOD_MATCH = YES;
				COPY_PHASE_STRIP = NO;
				DEBUG_INFORMATION_FORMAT = "dwarf-with-dsym";
				ENABLE_NS_ASSERTIONS = NO;
				ENABLE_STRICT_OBJC_MSGSEND = YES;
				GCC_C_LANGUAGE_STANDARD = gnu11;
				GCC_NO_COMMON_BLOCKS = YES;
				GCC_WARN_64_TO_32_BIT_CONVERSION = YES;
				GCC_WARN_ABOUT_RETURN_TYPE = YES_ERROR;
				GCC_WARN_UNDECLARED_SELECTOR = YES;
				GCC_WARN_UNINITIALIZED_AUTOS = YES_AGGRESSIVE;
				GCC_WARN_UNUSED_FUNCTION = YES;
				GCC_WARN_UNUSED_VARIABLE = YES;
				IPHONEOS_DEPLOYMENT_TARGET = 16.0;
				MTL_ENABLE_DEBUG_INFO = NO;
				MTL_FAST_MATH = YES;
				SDKROOT = iphoneos;
				SWIFT_COMPILATION_MODE = wholemodule;
				SWIFT_OPTIMIZATION_LEVEL = "-O";
				VALIDATE_PRODUCT = YES;
			};
			name = Release;
		};
/* End XCBuildConfiguration section */

/* Begin XCConfigurationList section */
		D9BD00002BDBCB0D004E027E /* Build configuration list for PBXNativeTarget "Wordle game" */ = {
			isa = XCConfigurationList;
			buildConfigurations = (
				D9BD00012BDBCB0D004E027E /* Debug */,
				D9BD00022BDBCB0D004E027E /* Release */,
			);
			defaultConfigurationIsVisible = 0;
			defaultConfigurationName = Release;
		};
		D9BDFFE72BDBCB0A004E027E /* Build configuration list for PBXProject "Wordle game" */ = {
			isa = XCConfigurationList;
			buildConfigurations = (
				D9BDFFFE2BDBCB0D004E027E /* Debug */,
				D9BDFFFF2BDBCB0D004E027E /* Release */,
			);
			defaultConfigurationIsVisible = 0;
			defaultConfigurationName = Release;
		};
/* End XCConfigurationList section */
	};
	rootObject = D9BDFFE42BDBCB0A004E027E /* Project object */;
}
